<?xml version="1.0" encoding="utf-8"?>
<Project ToolsVersion="4.0" xmlns="http://schemas.microsoft.com/developer/msbuild/2003">
  <ItemGroup>
    <Filter Include="源文件">
      <UniqueIdentifier>{4FC737F1-C7A5-4376-A066-2A32D752A2FF}</UniqueIdentifier>
      <Extensions>cpp;c;cc;cxx;def;odl;idl;hpj;bat;asm;asmx</Extensions>
    </Filter>
    <Filter Include="头文件">
      <UniqueIdentifier>{93995380-89BD-4b04-88EB-625FBE52EBFB}</UniqueIdentifier>
      <Extensions>h;hh;hpp;hxx;hm;inl;inc;xsd</Extensions>
    </Filter>
    <Filter Include="资源文件">
      <UniqueIdentifier>{67DA6AB6-F800-4c08-8B7A-83BB121AAD01}</UniqueIdentifier>
      <Extensions>rc;ico;cur;bmp;dlg;rc2;rct;bin;rgs;gif;jpg;jpeg;jpe;resx;tiff;tif;png;wav;mfcribbon-ms</Extensions>
    </Filter>
  </ItemGroup>
  <ItemGroup>
    <ClCompile Include="AboutUs.cpp">
      <Filter>源文件</Filter>
    </ClCompile>
    <ClCompile Include="AcerAppear.cpp">
      <Filter>源文件</Filter>
    </ClCompile>
    <ClCompile Include="Add.cpp">
      <Filter>源文件</Filter>
    </ClCompile>
    <ClCompile Include="Animation.cpp">
      <Filter>源文件</Filter>
    </ClCompile>
    <ClCompile Include="ChangeSpped.cpp">
      <Filter>源文件</Filter>
    </ClCompile>
    <ClCompile Include="Clear.cpp">
      <Filter>源文件</Filter>
    </ClCompile>
    <ClCompile Include="CompareNum.cpp">
      <Filter>源文件</Filter>
    </ClCompile>
    <ClCompile Include="CompareTime.cpp">
      <Filter>源文件</Filter>
    </ClCompile>
    <ClCompile Include="CopperAppear.cpp">
      <Filter>源文件</Filter>
    </ClCompile>
    <ClCompile Include="CopperJump.cpp">
      <Filter>源文件</Filter>
    </ClCompile>
    <ClCompile Include="Function.cpp">
      <Filter>源文件</Filter>
    </ClCompile>
    <ClCompile Include="GetOption.cpp">
      <Filter>源文件</Filter>
    </ClCompile>
    <ClCompile Include="LoadOption.cpp">
      <Filter>源文件</Filter>
    </ClCompile>
    <ClCompile Include="main.cpp">
      <Filter>源文件</Filter>
    </ClCompile>
    <ClCompile Include="Menu.cpp">
      <Filter>源文件</Filter>
    </ClCompile>
    <ClCompile Include="OthAnimation.cpp">
      <Filter>源文件</Filter>
    </ClCompile>
    <ClCompile Include="PrintAll.cpp">
      <Filter>源文件</Filter>
    </ClCompile>
    <ClCompile Include="PrintLine.cpp">
      <Filter>源文件</Filter>
    </ClCompile>
    <ClCompile Include="PrintWord.cpp">
      <Filter>源文件</Filter>
    </ClCompile>
    <ClCompile Include="PutType.cpp">
      <Filter>源文件</Filter>
    </ClCompile>
    <ClCompile Include="Read.cpp">
      <Filter>源文件</Filter>
    </ClCompile>
    <ClCompile Include="ReadSortMoney.cpp">
      <Filter>源文件</Filter>
    </ClCompile>
    <ClCompile Include="ReadSortRemark.cpp">
      <Filter>源文件</Filter>
    </ClCompile>
    <ClCompile Include="ReadSortTime.cpp">
      <Filter>源文件</Filter>
    </ClCompile>
    <ClCompile Include="ReadType.cpp">
      <Filter>源文件</Filter>
    </ClCompile>
    <ClCompile Include="RecordOtherday.cpp">
      <Filter>源文件</Filter>
    </ClCompile>
    <ClCompile Include="RecordToday.cpp">
      <Filter>源文件</Filter>
    </ClCompile>
    <ClCompile Include="Register.cpp">
      <Filter>源文件</Filter>
    </ClCompile>
    <ClCompile Include="ScreenMoney.cpp">
      <Filter>源文件</Filter>
    </ClCompile>
    <ClCompile Include="ScreenRemark.cpp">
      <Filter>源文件</Filter>
    </ClCompile>
    <ClCompile Include="ScreenTime.cpp">
      <Filter>源文件</Filter>
    </ClCompile>
    <ClCompile Include="SearchbyMoney.cpp">
      <Filter>源文件</Filter>
    </ClCompile>
    <ClCompile Include="SearchbyRemark.cpp">
      <Filter>源文件</Filter>
    </ClCompile>
    <ClCompile Include="SearchbyTime.cpp">
      <Filter>源文件</Filter>
    </ClCompile>
    <ClCompile Include="setColor.cpp">
      <Filter>源文件</Filter>
    </ClCompile>
    <ClCompile Include="SetPos.cpp">
      <Filter>源文件</Filter>
    </ClCompile>
    <ClCompile Include="Sort.cpp">
      <Filter>源文件</Filter>
    </ClCompile>
    <ClCompile Include="Store.cpp">
      <Filter>源文件</Filter>
    </ClCompile>
    <ClCompile Include="Timerecord.cpp">
      <Filter>源文件</Filter>
    </ClCompile>
    <ClCompile Include="TypeRatio.cpp">
      <Filter>源文件</Filter>
    </ClCompile>
    <ClCompile Include="TypeSort.cpp">
      <Filter>源文件</Filter>
    </ClCompile>
  </ItemGroup>
  <ItemGroup>
    <ClInclude Include="main.h">
      <Filter>头文件</Filter>
    </ClInclude>
  </ItemGroup>
</Project>